// !$*UTF8*$!
{
	archiveVersion = 1;
	classes = {
	};
	objectVersion = 56;
	objects = {

/* Begin PBXBuildFile section */
		ANALYTICS_SERVICE_SOURCE /* Sources/Childlock/Services/AnalyticsService.swift in Sources */ = {isa = PBXBuildFile; fileRef = ANALYTICS_SERVICE_FILE /* Sources/Childlock/Services/AnalyticsService.swift */; };
		APP_ASSETS /* Sources/Childlock/Assets.xcassets in Resources */ = {isa = PBXBuildFile; fileRef = APP_ASSETS_FILE /* Sources/Childlock/Assets.xcassets */; };
		APP_EMBED_MONITOR_EXT /* ChildlockMonitor.appex in Embed App Extensions */ = {isa = PBXBuildFile; fileRef = PRODUCT_MONITOR_EXT /* ChildlockMonitor.appex */; settings = {ATTRIBUTES = (RemoveHeadersOnCopy, ); }; };
		APP_EMBED_SHIELD_ACTION_EXT /* ChildlockShieldAction.appex in Embed App Extensions */ = {isa = PBXBuildFile; fileRef = PRODUCT_SHIELD_ACTION_EXT /* ChildlockShieldAction.appex */; settings = {ATTRIBUTES = (RemoveHeadersOnCopy, ); }; };
		APP_EMBED_SHIELD_CONFIG_EXT /* ChildlockShieldConfiguration.appex in Embed App Extensions */ = {isa = PBXBuildFile; fileRef = PRODUCT_SHIELD_CONFIG_EXT /* ChildlockShieldConfiguration.appex */; settings = {ATTRIBUTES = (RemoveHeadersOnCopy, ); }; };
		APP_ENTRY /* ChildlockApp.swift in Sources */ = {isa = PBXBuildFile; fileRef = APP_ENTRY_FILE /* ChildlockApp.swift */; };
		APP_PRIVACY_MANIFEST /* Sources/Childlock/PrivacyInfo.xcprivacy in Resources */ = {isa = PBXBuildFile; fileRef = PRIVACY_MANIFEST_FILE /* Sources/Childlock/PrivacyInfo.xcprivacy */; };
		APP_SETTINGS_SOURCE /* Sources/Childlock/Models/AppSettings.swift in Sources */ = {isa = PBXBuildFile; fileRef = APP_SETTINGS_FILE /* Sources/Childlock/Models/AppSettings.swift */; };
		APP_STATE_STORE_SOURCE /* Sources/Childlock/Services/AppStateStore.swift in Sources */ = {isa = PBXBuildFile; fileRef = APP_STATE_STORE_FILE /* Sources/Childlock/Services/AppStateStore.swift */; };
		APP_STATE_VM_SOURCE /* Sources/Childlock/ViewModels/AppState.swift in Sources */ = {isa = PBXBuildFile; fileRef = APP_STATE_VM_FILE /* Sources/Childlock/ViewModels/AppState.swift */; };
		AUTH_SERVICE_SOURCE /* Sources/Childlock/Services/AuthService.swift in Sources */ = {isa = PBXBuildFile; fileRef = AUTH_SERVICE_FILE /* Sources/Childlock/Services/AuthService.swift */; };
		BACKEND_CONFIG_SOURCE /* Sources/Childlock/Config/BackendConfig.swift in Sources */ = {isa = PBXBuildFile; fileRef = BACKEND_CONFIG_FILE /* Sources/Childlock/Config/BackendConfig.swift */; };
		CELEBRATION_VIEW_SOURCE /* Sources/Childlock/Views/Challenges/CelebrationView.swift in Sources */ = {isa = PBXBuildFile; fileRef = CELEBRATION_VIEW_FILE /* Sources/Childlock/Views/Challenges/CelebrationView.swift */; };
		CHALLENGE_CONTAINER_VIEW_SOURCE /* Sources/Childlock/Views/Challenges/ChallengeContainerView.swift in Sources */ = {isa = PBXBuildFile; fileRef = CHALLENGE_CONTAINER_VIEW_FILE /* Sources/Childlock/Views/Challenges/ChallengeContainerView.swift */; };
		CHALLENGE_ENGINE_SOURCE /* Sources/Childlock/Services/ChallengeEngine.swift in Sources */ = {isa = PBXBuildFile; fileRef = CHALLENGE_ENGINE_FILE /* Sources/Childlock/Services/ChallengeEngine.swift */; };
		CHALLENGE_SESSION_SOURCE /* Sources/Childlock/Models/ChallengeSession.swift in Sources */ = {isa = PBXBuildFile; fileRef = CHALLENGE_SESSION_FILE /* Sources/Childlock/Models/ChallengeSession.swift */; };
		CHALLENGE_SPEAKER_SOURCE /* Sources/Childlock/Services/ChallengeSpeaker.swift in Sources */ = {isa = PBXBuildFile; fileRef = CHALLENGE_SPEAKER_FILE /* Sources/Childlock/Services/ChallengeSpeaker.swift */; };
		CHALLENGE_VM_SOURCE /* Sources/Childlock/ViewModels/ChallengeViewModel.swift in Sources */ = {isa = PBXBuildFile; fileRef = CHALLENGE_VM_FILE /* Sources/Childlock/ViewModels/ChallengeViewModel.swift */; };
		CHILDLOCK_MONITORING_STATUS_SOURCE /* Sources/Childlock/Models/ChildlockMonitoringStatus.swift in Sources */ = {isa = PBXBuildFile; fileRef = CHILDLOCK_MONITORING_STATUS_FILE /* Sources/Childlock/Models/ChildlockMonitoringStatus.swift */; };
		CHILD_PROFILE_SOURCE /* Sources/Childlock/Models/ChildProfile.swift in Sources */ = {isa = PBXBuildFile; fileRef = CHILD_PROFILE_FILE /* Sources/Childlock/Models/ChildProfile.swift */; };
		DATA_SYNC_SERVICE_SOURCE /* Sources/Childlock/Services/DataSyncService.swift in Sources */ = {isa = PBXBuildFile; fileRef = DATA_SYNC_SERVICE_FILE /* Sources/Childlock/Services/DataSyncService.swift */; };
		DESIGN_TOKENS_SOURCE /* Sources/Childlock/Views/Shared/DesignTokens.swift in Sources */ = {isa = PBXBuildFile; fileRef = DESIGN_TOKENS_FILE /* Sources/Childlock/Views/Shared/DesignTokens.swift */; };
		EXT_ENTRYPOINTS_SOURCE /* Sources/Childlock/Extensions/ScreenTimeExtensionEntrypoints.swift in Sources */ = {isa = PBXBuildFile; fileRef = EXT_ENTRYPOINTS_FILE /* Sources/Childlock/Extensions/ScreenTimeExtensionEntrypoints.swift */; };
		FAMILY_ACTIVITY_STORE_SOURCE /* Sources/Childlock/Services/FamilyActivitySelectionStore.swift in Sources */ = {isa = PBXBuildFile; fileRef = FAMILY_ACTIVITY_STORE_FILE /* Sources/Childlock/Services/FamilyActivitySelectionStore.swift */; };
		GOOGLE_SIGNIN_PACKAGE /* GoogleSignIn in Frameworks */ = {isa = PBXBuildFile; productRef = GOOGLE_SIGNIN_PRODUCT /* GoogleSignIn */; };
		MATH_CHALLENGE_VIEW_SOURCE /* Sources/Childlock/Views/Challenges/MathChallengeView.swift in Sources */ = {isa = PBXBuildFile; fileRef = MATH_CHALLENGE_VIEW_FILE /* Sources/Childlock/Views/Challenges/MathChallengeView.swift */; };
		MEMORY_MATCH_VIEW_SOURCE /* Sources/Childlock/Views/Challenges/MemoryMatchView.swift in Sources */ = {isa = PBXBuildFile; fileRef = MEMORY_MATCH_VIEW_FILE /* Sources/Childlock/Views/Challenges/MemoryMatchView.swift */; };
		MONITOR_EXT /* ChildlockMonitor.swift in Sources */ = {isa = PBXBuildFile; fileRef = MONITOR_EXT_FILE /* ChildlockMonitor.swift */; };
		MONITOR_PRIVACY_MANIFEST /* Sources/Childlock/PrivacyInfo.xcprivacy in Resources */ = {isa = PBXBuildFile; fileRef = PRIVACY_MANIFEST_FILE /* Sources/Childlock/PrivacyInfo.xcprivacy */; };
		NOTIFICATION_SERVICE_SOURCE /* Sources/Childlock/Services/NotificationService.swift in Sources */ = {isa = PBXBuildFile; fileRef = NOTIFICATION_SERVICE_FILE /* Sources/Childlock/Services/NotificationService.swift */; };
		ONBOARDING_FLOW_VIEW_SOURCE /* Sources/Childlock/Views/Onboarding/OnboardingFlowView.swift in Sources */ = {isa = PBXBuildFile; fileRef = ONBOARDING_FLOW_VIEW_FILE /* Sources/Childlock/Views/Onboarding/OnboardingFlowView.swift */; };
		ONBOARDING_VM_SOURCE /* Sources/Childlock/ViewModels/OnboardingViewModel.swift in Sources */ = {isa = PBXBuildFile; fileRef = ONBOARDING_VM_FILE /* Sources/Childlock/ViewModels/OnboardingViewModel.swift */; };
		PARENT_DASHBOARD_VIEW_SOURCE /* Sources/Childlock/Views/Dashboard/ParentDashboardView.swift in Sources */ = {isa = PBXBuildFile; fileRef = PARENT_DASHBOARD_VIEW_FILE /* Sources/Childlock/Views/Dashboard/ParentDashboardView.swift */; };
		PAYWALL_VIEW_SOURCE /* Sources/Childlock/Views/Paywall/PaywallView.swift in Sources */ = {isa = PBXBuildFile; fileRef = PAYWALL_VIEW_FILE /* Sources/Childlock/Views/Paywall/PaywallView.swift */; };
		PIN_INPUT_BEHAVIOR_SOURCE /* Sources/Childlock/Views/Shared/PINInputBehavior.swift in Sources */ = {isa = PBXBuildFile; fileRef = PIN_INPUT_BEHAVIOR_FILE /* Sources/Childlock/Views/Shared/PINInputBehavior.swift */; };
		PIN_SERVICE_SOURCE /* Sources/Childlock/Services/PINService.swift in Sources */ = {isa = PBXBuildFile; fileRef = PIN_SERVICE_FILE /* Sources/Childlock/Services/PINService.swift */; };
		POSTHOG_PACKAGE /* PostHog in Frameworks */ = {isa = PBXBuildFile; productRef = POSTHOG_PRODUCT /* PostHog */; };
		REVENUECAT_PACKAGE /* RevenueCat in Frameworks */ = {isa = PBXBuildFile; productRef = REVENUECAT_PRODUCT /* RevenueCat */; };
		ROOT_VIEW_SOURCE /* Sources/Childlock/App/ChildlockRootView.swift in Sources */ = {isa = PBXBuildFile; fileRef = ROOT_VIEW_FILE /* Sources/Childlock/App/ChildlockRootView.swift */; };
		SCREEN_TIME_MANAGER_SOURCE /* Sources/Childlock/Services/ScreenTimeManager.swift in Sources */ = {isa = PBXBuildFile; fileRef = SCREEN_TIME_MANAGER_FILE /* Sources/Childlock/Services/ScreenTimeManager.swift */; };
		SECURE_STORE_SOURCE /* Sources/Childlock/Services/SecureStore.swift in Sources */ = {isa = PBXBuildFile; fileRef = SECURE_STORE_FILE /* Sources/Childlock/Services/SecureStore.swift */; };
		SHARED_DEFAULTS_MONITOR_SOURCE /* Sources/Childlock/Services/SharedDefaults.swift in Sources */ = {isa = PBXBuildFile; fileRef = SHARED_DEFAULTS_FILE /* Sources/Childlock/Services/SharedDefaults.swift */; };
		SHARED_DEFAULTS_SHIELD_ACTION_SOURCE /* Sources/Childlock/Services/SharedDefaults.swift in Sources */ = {isa = PBXBuildFile; fileRef = SHARED_DEFAULTS_FILE /* Sources/Childlock/Services/SharedDefaults.swift */; };
		SHARED_DEFAULTS_SHIELD_CONFIG_SOURCE /* Sources/Childlock/Services/SharedDefaults.swift in Sources */ = {isa = PBXBuildFile; fileRef = SHARED_DEFAULTS_FILE /* Sources/Childlock/Services/SharedDefaults.swift */; };
		SHARED_DEFAULTS_SOURCE /* Sources/Childlock/Services/SharedDefaults.swift in Sources */ = {isa = PBXBuildFile; fileRef = SHARED_DEFAULTS_FILE /* Sources/Childlock/Services/SharedDefaults.swift */; };
		SHIELD_ACTION_EXT /* ChildlockShieldAction.swift in Sources */ = {isa = PBXBuildFile; fileRef = SHIELD_ACTION_EXT_FILE /* ChildlockShieldAction.swift */; };
		SHIELD_ACTION_PRIVACY_MANIFEST /* Sources/Childlock/PrivacyInfo.xcprivacy in Resources */ = {isa = PBXBuildFile; fileRef = PRIVACY_MANIFEST_FILE /* Sources/Childlock/PrivacyInfo.xcprivacy */; };
		SHIELD_CONFIG_EXT /* ChildlockShieldConfiguration.swift in Sources */ = {isa = PBXBuildFile; fileRef = SHIELD_CONFIG_EXT_FILE /* ChildlockShieldConfiguration.swift */; };
		SHIELD_CONFIG_PRIVACY_MANIFEST /* Sources/Childlock/PrivacyInfo.xcprivacy in Resources */ = {isa = PBXBuildFile; fileRef = PRIVACY_MANIFEST_FILE /* Sources/Childlock/PrivacyInfo.xcprivacy */; };
		SIGN_IN_APPLE_VIEW_SOURCE /* Sources/Childlock/Views/Onboarding/SignInWithAppleView.swift in Sources */ = {isa = PBXBuildFile; fileRef = SIGN_IN_APPLE_VIEW_FILE /* Sources/Childlock/Views/Onboarding/SignInWithAppleView.swift */; };
		SUBSCRIPTION_SERVICE_SOURCE /* Sources/Childlock/Services/SubscriptionService.swift in Sources */ = {isa = PBXBuildFile; fileRef = SUBSCRIPTION_SERVICE_FILE /* Sources/Childlock/Services/SubscriptionService.swift */; };
		SUPABASE_CLIENT_PROVIDER_SOURCE /* Sources/Childlock/Services/SupabaseClientProvider.swift in Sources */ = {isa = PBXBuildFile; fileRef = SUPABASE_CLIENT_PROVIDER_FILE /* Sources/Childlock/Services/SupabaseClientProvider.swift */; };
		SUPABASE_PACKAGE /* Supabase in Frameworks */ = {isa = PBXBuildFile; productRef = SUPABASE_PRODUCT /* Supabase */; };
/* End PBXBuildFile section */

/* Begin PBXContainerItemProxy section */
		MONITOR_DEP_PROXY /* PBXContainerItemProxy */ = {
			isa = PBXContainerItemProxy;
			containerPortal = PROJECT /* Project object */;
			proxyType = 1;
			remoteGlobalIDString = TARGET_MONITOR;
			remoteInfo = ChildlockMonitor;
		};
		SHIELD_ACTION_DEP_PROXY /* PBXContainerItemProxy */ = {
			isa = PBXContainerItemProxy;
			containerPortal = PROJECT /* Project object */;
			proxyType = 1;
			remoteGlobalIDString = TARGET_SHIELD_ACTION;
			remoteInfo = ChildlockShieldAction;
		};
		SHIELD_CONFIG_DEP_PROXY /* PBXContainerItemProxy */ = {
			isa = PBXContainerItemProxy;
			containerPortal = PROJECT /* Project object */;
			proxyType = 1;
			remoteGlobalIDString = TARGET_SHIELD_CONFIG;
			remoteInfo = ChildlockShieldConfiguration;
		};
/* End PBXContainerItemProxy section */

/* Begin PBXCopyFilesBuildPhase section */
		APP_EMBED_APP_EXTENSIONS /* Embed App Extensions */ = {
			isa = PBXCopyFilesBuildPhase;
			buildActionMask = 2147483647;
			dstPath = "";
			dstSubfolderSpec = 13;
			files = (
				APP_EMBED_MONITOR_EXT /* ChildlockMonitor.appex in Embed App Extensions */,
				APP_EMBED_SHIELD_ACTION_EXT /* ChildlockShieldAction.appex in Embed App Extensions */,
				APP_EMBED_SHIELD_CONFIG_EXT /* ChildlockShieldConfiguration.appex in Embed App Extensions */,
			);
			name = "Embed App Extensions";
			runOnlyForDeploymentPostprocessing = 0;
		};
/* End PBXCopyFilesBuildPhase section */

/* Begin PBXFileReference section */
		ANALYTICS_SERVICE_FILE /* Sources/Childlock/Services/AnalyticsService.swift */ = {isa = PBXFileReference; lastKnownFileType = sourcecode.swift; path = Sources/Childlock/Services/AnalyticsService.swift; sourceTree = SOURCE_ROOT; };
		APP_ASSETS_FILE /* Sources/Childlock/Assets.xcassets */ = {isa = PBXFileReference; lastKnownFileType = folder.assetcatalog; path = Sources/Childlock/Assets.xcassets; sourceTree = SOURCE_ROOT; };
		APP_ENTITLEMENTS /* childlock.entitlements */ = {isa = PBXFileReference; lastKnownFileType = text.plist.entitlements; path = childlock.entitlements; sourceTree = "<group>"; };
		APP_ENTRY_FILE /* ChildlockApp.swift */ = {isa = PBXFileReference; lastKnownFileType = sourcecode.swift; path = ChildlockApp.swift; sourceTree = "<group>"; };
		APP_SECRETS_XCCONFIG /* AppSecrets.xcconfig */ = {isa = PBXFileReference; lastKnownFileType = text.xcconfig; path = AppSecrets.xcconfig; sourceTree = "<group>"; };
		APP_SETTINGS_FILE /* Sources/Childlock/Models/AppSettings.swift */ = {isa = PBXFileReference; lastKnownFileType = sourcecode.swift; path = Sources/Childlock/Models/AppSettings.swift; sourceTree = SOURCE_ROOT; };
		APP_STATE_STORE_FILE /* Sources/Childlock/Services/AppStateStore.swift */ = {isa = PBXFileReference; lastKnownFileType = sourcecode.swift; path = Sources/Childlock/Services/AppStateStore.swift; sourceTree = SOURCE_ROOT; };
		APP_STATE_VM_FILE /* Sources/Childlock/ViewModels/AppState.swift */ = {isa = PBXFileReference; lastKnownFileType = sourcecode.swift; path = Sources/Childlock/ViewModels/AppState.swift; sourceTree = SOURCE_ROOT; };
		AUTH_SERVICE_FILE /* Sources/Childlock/Services/AuthService.swift */ = {isa = PBXFileReference; lastKnownFileType = sourcecode.swift; path = Sources/Childlock/Services/AuthService.swift; sourceTree = SOURCE_ROOT; };
		BACKEND_CONFIG_FILE /* Sources/Childlock/Config/BackendConfig.swift */ = {isa = PBXFileReference; lastKnownFileType = sourcecode.swift; path = Sources/Childlock/Config/BackendConfig.swift; sourceTree = SOURCE_ROOT; };
		CELEBRATION_VIEW_FILE /* Sources/Childlock/Views/Challenges/CelebrationView.swift */ = {isa = PBXFileReference; lastKnownFileType = sourcecode.swift; path = Sources/Childlock/Views/Challenges/CelebrationView.swift; sourceTree = SOURCE_ROOT; };
		CHALLENGE_CONTAINER_VIEW_FILE /* Sources/Childlock/Views/Challenges/ChallengeContainerView.swift */ = {isa = PBXFileReference; lastKnownFileType = sourcecode.swift; path = Sources/Childlock/Views/Challenges/ChallengeContainerView.swift; sourceTree = SOURCE_ROOT; };
		CHALLENGE_ENGINE_FILE /* Sources/Childlock/Services/ChallengeEngine.swift */ = {isa = PBXFileReference; lastKnownFileType = sourcecode.swift; path = Sources/Childlock/Services/ChallengeEngine.swift; sourceTree = SOURCE_ROOT; };
		CHALLENGE_SESSION_FILE /* Sources/Childlock/Models/ChallengeSession.swift */ = {isa = PBXFileReference; lastKnownFileType = sourcecode.swift; path = Sources/Childlock/Models/ChallengeSession.swift; sourceTree = SOURCE_ROOT; };
		CHALLENGE_SPEAKER_FILE /* Sources/Childlock/Services/ChallengeSpeaker.swift */ = {isa = PBXFileReference; lastKnownFileType = sourcecode.swift; path = Sources/Childlock/Services/ChallengeSpeaker.swift; sourceTree = SOURCE_ROOT; };
		CHALLENGE_VM_FILE /* Sources/Childlock/ViewModels/ChallengeViewModel.swift */ = {isa = PBXFileReference; lastKnownFileType = sourcecode.swift; path = Sources/Childlock/ViewModels/ChallengeViewModel.swift; sourceTree = SOURCE_ROOT; };
		CHILDLOCK_MONITORING_STATUS_FILE /* Sources/Childlock/Models/ChildlockMonitoringStatus.swift */ = {isa = PBXFileReference; lastKnownFileType = sourcecode.swift; path = Sources/Childlock/Models/ChildlockMonitoringStatus.swift; sourceTree = SOURCE_ROOT; };
		CHILD_PROFILE_FILE /* Sources/Childlock/Models/ChildProfile.swift */ = {isa = PBXFileReference; lastKnownFileType = sourcecode.swift; path = Sources/Childlock/Models/ChildProfile.swift; sourceTree = SOURCE_ROOT; };
		DATA_SYNC_SERVICE_FILE /* Sources/Childlock/Services/DataSyncService.swift */ = {isa = PBXFileReference; lastKnownFileType = sourcecode.swift; path = Sources/Childlock/Services/DataSyncService.swift; sourceTree = SOURCE_ROOT; };
		DESIGN_TOKENS_FILE /* Sources/Childlock/Views/Shared/DesignTokens.swift */ = {isa = PBXFileReference; lastKnownFileType = sourcecode.swift; path = Sources/Childlock/Views/Shared/DesignTokens.swift; sourceTree = SOURCE_ROOT; };
		EXT_ENTRYPOINTS_FILE /* Sources/Childlock/Extensions/ScreenTimeExtensionEntrypoints.swift */ = {isa = PBXFileReference; lastKnownFileType = sourcecode.swift; path = Sources/Childlock/Extensions/ScreenTimeExtensionEntrypoints.swift; sourceTree = SOURCE_ROOT; };
		FAMILY_ACTIVITY_STORE_FILE /* Sources/Childlock/Services/FamilyActivitySelectionStore.swift */ = {isa = PBXFileReference; lastKnownFileType = sourcecode.swift; path = Sources/Childlock/Services/FamilyActivitySelectionStore.swift; sourceTree = SOURCE_ROOT; };
		MATH_CHALLENGE_VIEW_FILE /* Sources/Childlock/Views/Challenges/MathChallengeView.swift */ = {isa = PBXFileReference; lastKnownFileType = sourcecode.swift; path = Sources/Childlock/Views/Challenges/MathChallengeView.swift; sourceTree = SOURCE_ROOT; };
		MEMORY_MATCH_VIEW_FILE /* Sources/Childlock/Views/Challenges/MemoryMatchView.swift */ = {isa = PBXFileReference; lastKnownFileType = sourcecode.swift; path = Sources/Childlock/Views/Challenges/MemoryMatchView.swift; sourceTree = SOURCE_ROOT; };
		MONITOR_ENTITLEMENTS /* DeviceActivityMonitorExtension.entitlements */ = {isa = PBXFileReference; lastKnownFileType = text.plist.entitlements; path = DeviceActivityMonitorExtension.entitlements; sourceTree = "<group>"; };
		MONITOR_EXT_FILE /* ChildlockMonitor.swift */ = {isa = PBXFileReference; lastKnownFileType = sourcecode.swift; path = ChildlockMonitor.swift; sourceTree = "<group>"; };
		NOTIFICATION_SERVICE_FILE /* Sources/Childlock/Services/NotificationService.swift */ = {isa = PBXFileReference; lastKnownFileType = sourcecode.swift; path = Sources/Childlock/Services/NotificationService.swift; sourceTree = SOURCE_ROOT; };
		ONBOARDING_FLOW_VIEW_FILE /* Sources/Childlock/Views/Onboarding/OnboardingFlowView.swift */ = {isa = PBXFileReference; lastKnownFileType = sourcecode.swift; path = Sources/Childlock/Views/Onboarding/OnboardingFlowView.swift; sourceTree = SOURCE_ROOT; };
		ONBOARDING_VM_FILE /* Sources/Childlock/ViewModels/OnboardingViewModel.swift */ = {isa = PBXFileReference; lastKnownFileType = sourcecode.swift; path = Sources/Childlock/ViewModels/OnboardingViewModel.swift; sourceTree = SOURCE_ROOT; };
		PARENT_DASHBOARD_VIEW_FILE /* Sources/Childlock/Views/Dashboard/ParentDashboardView.swift */ = {isa = PBXFileReference; lastKnownFileType = sourcecode.swift; path = Sources/Childlock/Views/Dashboard/ParentDashboardView.swift; sourceTree = SOURCE_ROOT; };
		PAYWALL_VIEW_FILE /* Sources/Childlock/Views/Paywall/PaywallView.swift */ = {isa = PBXFileReference; lastKnownFileType = sourcecode.swift; path = Sources/Childlock/Views/Paywall/PaywallView.swift; sourceTree = SOURCE_ROOT; };
		PIN_INPUT_BEHAVIOR_FILE /* Sources/Childlock/Views/Shared/PINInputBehavior.swift */ = {isa = PBXFileReference; lastKnownFileType = sourcecode.swift; path = Sources/Childlock/Views/Shared/PINInputBehavior.swift; sourceTree = SOURCE_ROOT; };
		PIN_SERVICE_FILE /* Sources/Childlock/Services/PINService.swift */ = {isa = PBXFileReference; lastKnownFileType = sourcecode.swift; path = Sources/Childlock/Services/PINService.swift; sourceTree = SOURCE_ROOT; };
		PRIVACY_MANIFEST_FILE /* Sources/Childlock/PrivacyInfo.xcprivacy */ = {isa = PBXFileReference; lastKnownFileType = text.xml; path = Sources/Childlock/PrivacyInfo.xcprivacy; sourceTree = SOURCE_ROOT; };
		PRODUCT_APP /* Childlock.app */ = {isa = PBXFileReference; explicitFileType = wrapper.application; includeInIndex = 0; path = Childlock.app; sourceTree = BUILT_PRODUCTS_DIR; };
		PRODUCT_MONITOR_EXT /* ChildlockMonitor.appex */ = {isa = PBXFileReference; explicitFileType = "wrapper.app-extension"; includeInIndex = 0; path = ChildlockMonitor.appex; sourceTree = BUILT_PRODUCTS_DIR; };
		PRODUCT_SHIELD_ACTION_EXT /* ChildlockShieldAction.appex */ = {isa = PBXFileReference; explicitFileType = "wrapper.app-extension"; includeInIndex = 0; path = ChildlockShieldAction.appex; sourceTree = BUILT_PRODUCTS_DIR; };
		PRODUCT_SHIELD_CONFIG_EXT /* ChildlockShieldConfiguration.appex */ = {isa = PBXFileReference; explicitFileType = "wrapper.app-extension"; includeInIndex = 0; path = ChildlockShieldConfiguration.appex; sourceTree = BUILT_PRODUCTS_DIR; };
		ROOT_VIEW_FILE /* Sources/Childlock/App/ChildlockRootView.swift */ = {isa = PBXFileReference; lastKnownFileType = sourcecode.swift; path = Sources/Childlock/App/ChildlockRootView.swift; sourceTree = SOURCE_ROOT; };
		SCREEN_TIME_MANAGER_FILE /* Sources/Childlock/Services/ScreenTimeManager.swift */ = {isa = PBXFileReference; lastKnownFileType = sourcecode.swift; path = Sources/Childlock/Services/ScreenTimeManager.swift; sourceTree = SOURCE_ROOT; };
		SECURE_STORE_FILE /* Sources/Childlock/Services/SecureStore.swift */ = {isa = PBXFileReference; lastKnownFileType = sourcecode.swift; path = Sources/Childlock/Services/SecureStore.swift; sourceTree = SOURCE_ROOT; };
		SHARED_DEFAULTS_FILE /* Sources/Childlock/Services/SharedDefaults.swift */ = {isa = PBXFileReference; lastKnownFileType = sourcecode.swift; path = Sources/Childlock/Services/SharedDefaults.swift; sourceTree = SOURCE_ROOT; };
		SHIELD_ACTION_ENTITLEMENTS /* ShieldActionExtension.entitlements */ = {isa = PBXFileReference; lastKnownFileType = text.plist.entitlements; path = ShieldActionExtension.entitlements; sourceTree = "<group>"; };
		SHIELD_ACTION_EXT_FILE /* ChildlockShieldAction.swift */ = {isa = PBXFileReference; lastKnownFileType = sourcecode.swift; path = ChildlockShieldAction.swift; sourceTree = "<group>"; };
		SHIELD_CONFIG_ENTITLEMENTS /* ShieldConfigurationExtension.entitlements */ = {isa = PBXFileReference; lastKnownFileType = text.plist.entitlements; path = ShieldConfigurationExtension.entitlements; sourceTree = "<group>"; };
		SHIELD_CONFIG_EXT_FILE /* ChildlockShieldConfiguration.swift */ = {isa = PBXFileReference; lastKnownFileType = sourcecode.swift; path = ChildlockShieldConfiguration.swift; sourceTree = "<group>"; };
		SIGN_IN_APPLE_VIEW_FILE /* Sources/Childlock/Views/Onboarding/SignInWithAppleView.swift */ = {isa = PBXFileReference; lastKnownFileType = sourcecode.swift; path = Sources/Childlock/Views/Onboarding/SignInWithAppleView.swift; sourceTree = SOURCE_ROOT; };
		SUBSCRIPTION_SERVICE_FILE /* Sources/Childlock/Services/SubscriptionService.swift */ = {isa = PBXFileReference; lastKnownFileType = sourcecode.swift; path = Sources/Childlock/Services/SubscriptionService.swift; sourceTree = SOURCE_ROOT; };
		SUPABASE_CLIENT_PROVIDER_FILE /* Sources/Childlock/Services/SupabaseClientProvider.swift */ = {isa = PBXFileReference; lastKnownFileType = sourcecode.swift; path = Sources/Childlock/Services/SupabaseClientProvider.swift; sourceTree = SOURCE_ROOT; };
/* End PBXFileReference section */

/* Begin PBXFrameworksBuildPhase section */
		APP_FRAMEWORKS /* Frameworks */ = {
			isa = PBXFrameworksBuildPhase;
			buildActionMask = 2147483647;
			files = (
				SUPABASE_PACKAGE /* Supabase in Frameworks */,
				GOOGLE_SIGNIN_PACKAGE /* GoogleSignIn in Frameworks */,
				REVENUECAT_PACKAGE /* RevenueCat in Frameworks */,
				POSTHOG_PACKAGE /* PostHog in Frameworks */,
			);
			runOnlyForDeploymentPostprocessing = 0;
		};
		MONITOR_FRAMEWORKS /* Frameworks */ = {
			isa = PBXFrameworksBuildPhase;
			buildActionMask = 2147483647;
			files = (
			);
			runOnlyForDeploymentPostprocessing = 0;
		};
		SHIELD_ACTION_FRAMEWORKS /* Frameworks */ = {
			isa = PBXFrameworksBuildPhase;
			buildActionMask = 2147483647;
			files = (
			);
			runOnlyForDeploymentPostprocessing = 0;
		};
		SHIELD_CONFIG_FRAMEWORKS /* Frameworks */ = {
			isa = PBXFrameworksBuildPhase;
			buildActionMask = 2147483647;
			files = (
			);
			runOnlyForDeploymentPostprocessing = 0;
		};
/* End PBXFrameworksBuildPhase section */

/* Begin PBXGroup section */
		CONFIG_GROUP /* Config */ = {
			isa = PBXGroup;
			children = (
				APP_SECRETS_XCCONFIG /* AppSecrets.xcconfig */,
			);
			path = Config;
			sourceTree = "<group>";
		};
		EXTENSIONS_GROUP /* Extensions */ = {
			isa = PBXGroup;
			children = (
				MONITOR_GROUP /* DeviceActivityMonitorExtension */,
				SHIELD_ACTION_GROUP /* ShieldActionExtension */,
				SHIELD_CONFIG_GROUP /* ShieldConfigurationExtension */,
			);
			path = Extensions;
			sourceTree = "<group>";
		};
		MONITOR_GROUP /* DeviceActivityMonitorExtension */ = {
			isa = PBXGroup;
			children = (
				MONITOR_EXT_FILE /* ChildlockMonitor.swift */,
				MONITOR_ENTITLEMENTS /* DeviceActivityMonitorExtension.entitlements */,
			);
			path = DeviceActivityMonitorExtension;
			sourceTree = "<group>";
		};
		PRODUCTS_GROUP /* Products */ = {
			isa = PBXGroup;
			children = (
				PRODUCT_APP /* Childlock.app */,
				PRODUCT_MONITOR_EXT /* ChildlockMonitor.appex */,
				PRODUCT_SHIELD_ACTION_EXT /* ChildlockShieldAction.appex */,
				PRODUCT_SHIELD_CONFIG_EXT /* ChildlockShieldConfiguration.appex */,
			);
			name = Products;
			sourceTree = "<group>";
		};
		ROOT_GROUP = {
			isa = PBXGroup;
			children = (
				CONFIG_GROUP /* Config */,
				SOURCES_GROUP /* Sources/Childlock/App */,
				EXTENSIONS_GROUP /* Extensions */,
				PRODUCTS_GROUP /* Products */,
			);
			sourceTree = "<group>";
		};
		SHIELD_ACTION_GROUP /* ShieldActionExtension */ = {
			isa = PBXGroup;
			children = (
				SHIELD_ACTION_EXT_FILE /* ChildlockShieldAction.swift */,
				SHIELD_ACTION_ENTITLEMENTS /* ShieldActionExtension.entitlements */,
			);
			path = ShieldActionExtension;
			sourceTree = "<group>";
		};
		SHIELD_CONFIG_GROUP /* ShieldConfigurationExtension */ = {
			isa = PBXGroup;
			children = (
				SHIELD_CONFIG_EXT_FILE /* ChildlockShieldConfiguration.swift */,
				SHIELD_CONFIG_ENTITLEMENTS /* ShieldConfigurationExtension.entitlements */,
			);
			path = ShieldConfigurationExtension;
			sourceTree = "<group>";
		};
		SOURCES_GROUP /* Sources/Childlock/App */ = {
			isa = PBXGroup;
			children = (
				APP_ENTRY_FILE /* ChildlockApp.swift */,
				APP_ASSETS_FILE /* Sources/Childlock/Assets.xcassets */,
				PRIVACY_MANIFEST_FILE /* Sources/Childlock/PrivacyInfo.xcprivacy */,
				ROOT_VIEW_FILE /* Sources/Childlock/App/ChildlockRootView.swift */,
				EXT_ENTRYPOINTS_FILE /* Sources/Childlock/Extensions/ScreenTimeExtensionEntrypoints.swift */,
				BACKEND_CONFIG_FILE /* Sources/Childlock/Config/BackendConfig.swift */,
				APP_SETTINGS_FILE /* Sources/Childlock/Models/AppSettings.swift */,
				CHALLENGE_SESSION_FILE /* Sources/Childlock/Models/ChallengeSession.swift */,
				CHILD_PROFILE_FILE /* Sources/Childlock/Models/ChildProfile.swift */,
				CHILDLOCK_MONITORING_STATUS_FILE /* Sources/Childlock/Models/ChildlockMonitoringStatus.swift */,
				APP_STATE_STORE_FILE /* Sources/Childlock/Services/AppStateStore.swift */,
				AUTH_SERVICE_FILE /* Sources/Childlock/Services/AuthService.swift */,
				SUPABASE_CLIENT_PROVIDER_FILE /* Sources/Childlock/Services/SupabaseClientProvider.swift */,
				DATA_SYNC_SERVICE_FILE /* Sources/Childlock/Services/DataSyncService.swift */,
				SUBSCRIPTION_SERVICE_FILE /* Sources/Childlock/Services/SubscriptionService.swift */,
				ANALYTICS_SERVICE_FILE /* Sources/Childlock/Services/AnalyticsService.swift */,
				NOTIFICATION_SERVICE_FILE /* Sources/Childlock/Services/NotificationService.swift */,
				CHALLENGE_ENGINE_FILE /* Sources/Childlock/Services/ChallengeEngine.swift */,
				FAMILY_ACTIVITY_STORE_FILE /* Sources/Childlock/Services/FamilyActivitySelectionStore.swift */,
				PIN_SERVICE_FILE /* Sources/Childlock/Services/PINService.swift */,
				SCREEN_TIME_MANAGER_FILE /* Sources/Childlock/Services/ScreenTimeManager.swift */,
				SECURE_STORE_FILE /* Sources/Childlock/Services/SecureStore.swift */,
				SHARED_DEFAULTS_FILE /* Sources/Childlock/Services/SharedDefaults.swift */,
				APP_STATE_VM_FILE /* Sources/Childlock/ViewModels/AppState.swift */,
				CHALLENGE_VM_FILE /* Sources/Childlock/ViewModels/ChallengeViewModel.swift */,
				ONBOARDING_VM_FILE /* Sources/Childlock/ViewModels/OnboardingViewModel.swift */,
				CELEBRATION_VIEW_FILE /* Sources/Childlock/Views/Challenges/CelebrationView.swift */,
				CHALLENGE_CONTAINER_VIEW_FILE /* Sources/Childlock/Views/Challenges/ChallengeContainerView.swift */,
				CHALLENGE_SPEAKER_FILE /* Sources/Childlock/Services/ChallengeSpeaker.swift */,
				MEMORY_MATCH_VIEW_FILE /* Sources/Childlock/Views/Challenges/MemoryMatchView.swift */,
				MATH_CHALLENGE_VIEW_FILE /* Sources/Childlock/Views/Challenges/MathChallengeView.swift */,
				PARENT_DASHBOARD_VIEW_FILE /* Sources/Childlock/Views/Dashboard/ParentDashboardView.swift */,
				ONBOARDING_FLOW_VIEW_FILE /* Sources/Childlock/Views/Onboarding/OnboardingFlowView.swift */,
				SIGN_IN_APPLE_VIEW_FILE /* Sources/Childlock/Views/Onboarding/SignInWithAppleView.swift */,
				PAYWALL_VIEW_FILE /* Sources/Childlock/Views/Paywall/PaywallView.swift */,
				DESIGN_TOKENS_FILE /* Sources/Childlock/Views/Shared/DesignTokens.swift */,
				PIN_INPUT_BEHAVIOR_FILE /* Sources/Childlock/Views/Shared/PINInputBehavior.swift */,
				APP_ENTITLEMENTS /* childlock.entitlements */,
			);
			path = Sources/Childlock/App;
			sourceTree = "<group>";
		};
/* End PBXGroup section */

/* Begin PBXNativeTarget section */
		TARGET_APP /* Childlock */ = {
			isa = PBXNativeTarget;
			buildConfigurationList = CONFIG_LIST_APP /* Build configuration list for PBXNativeTarget "Childlock" */;
			buildPhases = (
				APP_SOURCES /* Sources */,
				APP_FRAMEWORKS /* Frameworks */,
				APP_RESOURCES /* Resources */,
				APP_EMBED_APP_EXTENSIONS /* Embed App Extensions */,
			);
			buildRules = (
			);
			dependencies = (
				MONITOR_DEP /* PBXTargetDependency */,
				SHIELD_ACTION_DEP /* PBXTargetDependency */,
				SHIELD_CONFIG_DEP /* PBXTargetDependency */,
			);
			name = Childlock;
			packageProductDependencies = (
				SUPABASE_PRODUCT /* Supabase */,
				GOOGLE_SIGNIN_PRODUCT /* GoogleSignIn */,
				REVENUECAT_PRODUCT /* RevenueCat */,
				POSTHOG_PRODUCT /* PostHog */,
			);
			productName = Childlock;
			productReference = PRODUCT_APP /* Childlock.app */;
			productType = "com.apple.product-type.application";
		};
		TARGET_MONITOR /* ChildlockMonitor */ = {
			isa = PBXNativeTarget;
			buildConfigurationList = CONFIG_LIST_MONITOR /* Build configuration list for PBXNativeTarget "ChildlockMonitor" */;
			buildPhases = (
				MONITOR_SOURCES /* Sources */,
				MONITOR_FRAMEWORKS /* Frameworks */,
				MONITOR_RESOURCES /* Resources */,
			);
			buildRules = (
			);
			dependencies = (
			);
			name = ChildlockMonitor;
			productName = ChildlockMonitor;
			productReference = PRODUCT_MONITOR_EXT /* ChildlockMonitor.appex */;
			productType = "com.apple.product-type.app-extension";
		};
		TARGET_SHIELD_ACTION /* ChildlockShieldAction */ = {
			isa = PBXNativeTarget;
			buildConfigurationList = CONFIG_LIST_SHIELD_ACTION /* Build configuration list for PBXNativeTarget "ChildlockShieldAction" */;
			buildPhases = (
				SHIELD_ACTION_SOURCES /* Sources */,
				SHIELD_ACTION_FRAMEWORKS /* Frameworks */,
				SHIELD_ACTION_RESOURCES /* Resources */,
			);
			buildRules = (
			);
			dependencies = (
			);
			name = ChildlockShieldAction;
			productName = ChildlockShieldAction;
			productReference = PRODUCT_SHIELD_ACTION_EXT /* ChildlockShieldAction.appex */;
			productType = "com.apple.product-type.app-extension";
		};
		TARGET_SHIELD_CONFIG /* ChildlockShieldConfiguration */ = {
			isa = PBXNativeTarget;
			buildConfigurationList = CONFIG_LIST_SHIELD_CONFIG /* Build configuration list for PBXNativeTarget "ChildlockShieldConfiguration" */;
			buildPhases = (
				SHIELD_CONFIG_SOURCES /* Sources */,
				SHIELD_CONFIG_FRAMEWORKS /* Frameworks */,
				SHIELD_CONFIG_RESOURCES /* Resources */,
			);
			buildRules = (
			);
			dependencies = (
			);
			name = ChildlockShieldConfiguration;
			productName = ChildlockShieldConfiguration;
			productReference = PRODUCT_SHIELD_CONFIG_EXT /* ChildlockShieldConfiguration.appex */;
			productType = "com.apple.product-type.app-extension";
		};
/* End PBXNativeTarget section */

/* Begin PBXProject section */
		PROJECT /* Project object */ = {
			isa = PBXProject;
			attributes = {
				BuildIndependentTargetsInParallel = 1;
				LastSwiftUpdateCheck = 1500;
				LastUpgradeCheck = 1500;
				TargetAttributes = {
					TARGET_APP = {
						CreatedOnToolsVersion = 15.0;
					};
					TARGET_MONITOR = {
						CreatedOnToolsVersion = 15.0;
					};
					TARGET_SHIELD_ACTION = {
						CreatedOnToolsVersion = 15.0;
					};
					TARGET_SHIELD_CONFIG = {
						CreatedOnToolsVersion = 15.0;
					};
				};
			};
			buildConfigurationList = CONFIG_LIST_PROJECT /* Build configuration list for PBXProject "Childlock" */;
			compatibilityVersion = "Xcode 14.0";
			developmentRegion = en;
			hasScannedForEncodings = 0;
			knownRegions = (
				en,
				Base,
			);
			mainGroup = ROOT_GROUP;
			packageReferences = (
				SUPABASE_PACKAGE_REF /* XCRemoteSwiftPackageReference "supabase-swift" */,
				GOOGLE_SIGNIN_PACKAGE_REF /* XCRemoteSwiftPackageReference "GoogleSignIn-iOS" */,
				REVENUECAT_PACKAGE_REF /* XCRemoteSwiftPackageReference "purchases-ios" */,
				POSTHOG_PACKAGE_REF /* XCRemoteSwiftPackageReference "posthog-ios" */,
			);
			productRefGroup = PRODUCTS_GROUP /* Products */;
			projectDirPath = "";
			projectRoot = "";
			targets = (
				TARGET_APP /* Childlock */,
				TARGET_MONITOR /* ChildlockMonitor */,
				TARGET_SHIELD_ACTION /* ChildlockShieldAction */,
				TARGET_SHIELD_CONFIG /* ChildlockShieldConfiguration */,
			);
		};
/* End PBXProject section */

/* Begin PBXResourcesBuildPhase section */
		APP_RESOURCES /* Resources */ = {
			isa = PBXResourcesBuildPhase;
			buildActionMask = 2147483647;
			files = (
				APP_ASSETS /* Sources/Childlock/Assets.xcassets in Resources */,
				APP_PRIVACY_MANIFEST /* Sources/Childlock/PrivacyInfo.xcprivacy in Resources */,
			);
			runOnlyForDeploymentPostprocessing = 0;
		};
		MONITOR_RESOURCES /* Resources */ = {
			isa = PBXResourcesBuildPhase;
			buildActionMask = 2147483647;
			files = (
				MONITOR_PRIVACY_MANIFEST /* Sources/Childlock/PrivacyInfo.xcprivacy in Resources */,
			);
			runOnlyForDeploymentPostprocessing = 0;
		};
		SHIELD_ACTION_RESOURCES /* Resources */ = {
			isa = PBXResourcesBuildPhase;
			buildActionMask = 2147483647;
			files = (
				SHIELD_ACTION_PRIVACY_MANIFEST /* Sources/Childlock/PrivacyInfo.xcprivacy in Resources */,
			);
			runOnlyForDeploymentPostprocessing = 0;
		};
		SHIELD_CONFIG_RESOURCES /* Resources */ = {
			isa = PBXResourcesBuildPhase;
			buildActionMask = 2147483647;
			files = (
				SHIELD_CONFIG_PRIVACY_MANIFEST /* Sources/Childlock/PrivacyInfo.xcprivacy in Resources */,
			);
			runOnlyForDeploymentPostprocessing = 0;
		};
/* End PBXResourcesBuildPhase section */

/* Begin PBXSourcesBuildPhase section */
		APP_SOURCES /* Sources */ = {
			isa = PBXSourcesBuildPhase;
			buildActionMask = 2147483647;
			files = (
				APP_ENTRY /* ChildlockApp.swift in Sources */,
				ROOT_VIEW_SOURCE /* Sources/Childlock/App/ChildlockRootView.swift in Sources */,
				EXT_ENTRYPOINTS_SOURCE /* Sources/Childlock/Extensions/ScreenTimeExtensionEntrypoints.swift in Sources */,
				BACKEND_CONFIG_SOURCE /* Sources/Childlock/Config/BackendConfig.swift in Sources */,
				APP_SETTINGS_SOURCE /* Sources/Childlock/Models/AppSettings.swift in Sources */,
				CHALLENGE_SESSION_SOURCE /* Sources/Childlock/Models/ChallengeSession.swift in Sources */,
				CHILD_PROFILE_SOURCE /* Sources/Childlock/Models/ChildProfile.swift in Sources */,
				CHILDLOCK_MONITORING_STATUS_SOURCE /* Sources/Childlock/Models/ChildlockMonitoringStatus.swift in Sources */,
				APP_STATE_STORE_SOURCE /* Sources/Childlock/Services/AppStateStore.swift in Sources */,
				AUTH_SERVICE_SOURCE /* Sources/Childlock/Services/AuthService.swift in Sources */,
				SUPABASE_CLIENT_PROVIDER_SOURCE /* Sources/Childlock/Services/SupabaseClientProvider.swift in Sources */,
				DATA_SYNC_SERVICE_SOURCE /* Sources/Childlock/Services/DataSyncService.swift in Sources */,
				SUBSCRIPTION_SERVICE_SOURCE /* Sources/Childlock/Services/SubscriptionService.swift in Sources */,
				ANALYTICS_SERVICE_SOURCE /* Sources/Childlock/Services/AnalyticsService.swift in Sources */,
				NOTIFICATION_SERVICE_SOURCE /* Sources/Childlock/Services/NotificationService.swift in Sources */,
				CHALLENGE_ENGINE_SOURCE /* Sources/Childlock/Services/ChallengeEngine.swift in Sources */,
				FAMILY_ACTIVITY_STORE_SOURCE /* Sources/Childlock/Services/FamilyActivitySelectionStore.swift in Sources */,
				PIN_SERVICE_SOURCE /* Sources/Childlock/Services/PINService.swift in Sources */,
				SCREEN_TIME_MANAGER_SOURCE /* Sources/Childlock/Services/ScreenTimeManager.swift in Sources */,
				SECURE_STORE_SOURCE /* Sources/Childlock/Services/SecureStore.swift in Sources */,
				SHARED_DEFAULTS_SOURCE /* Sources/Childlock/Services/SharedDefaults.swift in Sources */,
				APP_STATE_VM_SOURCE /* Sources/Childlock/ViewModels/AppState.swift in Sources */,
				CHALLENGE_VM_SOURCE /* Sources/Childlock/ViewModels/ChallengeViewModel.swift in Sources */,
				ONBOARDING_VM_SOURCE /* Sources/Childlock/ViewModels/OnboardingViewModel.swift in Sources */,
				CELEBRATION_VIEW_SOURCE /* Sources/Childlock/Views/Challenges/CelebrationView.swift in Sources */,
				CHALLENGE_CONTAINER_VIEW_SOURCE /* Sources/Childlock/Views/Challenges/ChallengeContainerView.swift in Sources */,
				CHALLENGE_SPEAKER_SOURCE /* Sources/Childlock/Services/ChallengeSpeaker.swift in Sources */,
				MEMORY_MATCH_VIEW_SOURCE /* Sources/Childlock/Views/Challenges/MemoryMatchView.swift in Sources */,
				MATH_CHALLENGE_VIEW_SOURCE /* Sources/Childlock/Views/Challenges/MathChallengeView.swift in Sources */,
				PARENT_DASHBOARD_VIEW_SOURCE /* Sources/Childlock/Views/Dashboard/ParentDashboardView.swift in Sources */,
				ONBOARDING_FLOW_VIEW_SOURCE /* Sources/Childlock/Views/Onboarding/OnboardingFlowView.swift in Sources */,
				SIGN_IN_APPLE_VIEW_SOURCE /* Sources/Childlock/Views/Onboarding/SignInWithAppleView.swift in Sources */,
				PAYWALL_VIEW_SOURCE /* Sources/Childlock/Views/Paywall/PaywallView.swift in Sources */,
				DESIGN_TOKENS_SOURCE /* Sources/Childlock/Views/Shared/DesignTokens.swift in Sources */,
				PIN_INPUT_BEHAVIOR_SOURCE /* Sources/Childlock/Views/Shared/PINInputBehavior.swift in Sources */,
			);
			runOnlyForDeploymentPostprocessing = 0;
		};
		MONITOR_SOURCES /* Sources */ = {
			isa = PBXSourcesBuildPhase;
			buildActionMask = 2147483647;
			files = (
				MONITOR_EXT /* ChildlockMonitor.swift in Sources */,
				SHARED_DEFAULTS_MONITOR_SOURCE /* Sources/Childlock/Services/SharedDefaults.swift in Sources */,
			);
			runOnlyForDeploymentPostprocessing = 0;
		};
		SHIELD_ACTION_SOURCES /* Sources */ = {
			isa = PBXSourcesBuildPhase;
			buildActionMask = 2147483647;
			files = (
				SHIELD_ACTION_EXT /* ChildlockShieldAction.swift in Sources */,
				SHARED_DEFAULTS_SHIELD_ACTION_SOURCE /* Sources/Childlock/Services/SharedDefaults.swift in Sources */,
			);
			runOnlyForDeploymentPostprocessing = 0;
		};
		SHIELD_CONFIG_SOURCES /* Sources */ = {
			isa = PBXSourcesBuildPhase;
			buildActionMask = 2147483647;
			files = (
				SHIELD_CONFIG_EXT /* ChildlockShieldConfiguration.swift in Sources */,
				SHARED_DEFAULTS_SHIELD_CONFIG_SOURCE /* Sources/Childlock/Services/SharedDefaults.swift in Sources */,
			);
			runOnlyForDeploymentPostprocessing = 0;
		};
/* End PBXSourcesBuildPhase section */

/* Begin PBXTargetDependency section */
		MONITOR_DEP /* PBXTargetDependency */ = {
			isa = PBXTargetDependency;
			target = TARGET_MONITOR /* ChildlockMonitor */;
			targetProxy = MONITOR_DEP_PROXY /* PBXContainerItemProxy */;
		};
		SHIELD_ACTION_DEP /* PBXTargetDependency */ = {
			isa = PBXTargetDependency;
			target = TARGET_SHIELD_ACTION /* ChildlockShieldAction */;
			targetProxy = SHIELD_ACTION_DEP_PROXY /* PBXContainerItemProxy */;
		};
		SHIELD_CONFIG_DEP /* PBXTargetDependency */ = {
			isa = PBXTargetDependency;
			target = TARGET_SHIELD_CONFIG /* ChildlockShieldConfiguration */;
			targetProxy = SHIELD_CONFIG_DEP_PROXY /* PBXContainerItemProxy */;
		};
/* End PBXTargetDependency section */

/* Begin XCBuildConfiguration section */
		CONFIG_DEBUG_APP /* Debug */ = {
			isa = XCBuildConfiguration;
			baseConfigurationReference = APP_SECRETS_XCCONFIG /* AppSecrets.xcconfig */;
			buildSettings = {
				ALWAYS_SEARCH_USER_PATHS = NO;
				ASSETCATALOG_COMPILER_APPICON_NAME = AppIcon;
				ASSETCATALOG_COMPILER_GENERATE_SWIFT_ASSET_SYMBOL_EXTENSIONS = YES;
				CODE_SIGN_ENTITLEMENTS = childlock.entitlements;
				CODE_SIGN_IDENTITY = "Apple Development";
				CODE_SIGN_STYLE = Automatic;
				COMBINE_HIDPI_IMAGES = YES;
				CURRENT_PROJECT_VERSION = 8;
				DEVELOPMENT_TEAM = M42QAK8JZ9;
				ENABLE_PREVIEWS = YES;
				GENERATE_INFOPLIST_FILE = NO;
				INFOPLIST_FILE = Sources/Childlock/Info.plist;
				IPHONEOS_DEPLOYMENT_TARGET = 17.0;
				LD_RUNPATH_SEARCH_PATHS = (
					"$(inherited)",
					"@executable_path/Frameworks",
				);
				MARKETING_VERSION = 1.0;
				PRODUCT_BUNDLE_IDENTIFIER = com.kopikoubou.childlock;
				PRODUCT_NAME = "$(TARGET_NAME)";
				PROVISIONING_PROFILE_SPECIFIER = "";
				SDKROOT = iphoneos;
				SWIFT_EMIT_LOC_STRINGS = YES;
				SWIFT_VERSION = 5.0;
				TARGETED_DEVICE_FAMILY = "1,2";
			};
			name = Debug;
		};
		CONFIG_DEBUG_MONITOR /* Debug */ = {
			isa = XCBuildConfiguration;
			buildSettings = {
				ALWAYS_SEARCH_USER_PATHS = NO;
				APPLICATION_EXTENSION_API_ONLY = YES;
				CODE_SIGN_ENTITLEMENTS = DeviceActivityMonitorExtension.entitlements;
				CODE_SIGN_IDENTITY = "Apple Development";
				CODE_SIGN_STYLE = Automatic;
				CURRENT_PROJECT_VERSION = 8;
				DEVELOPMENT_TEAM = M42QAK8JZ9;
				GENERATE_INFOPLIST_FILE = NO;
				INFOPLIST_FILE = Extensions/DeviceActivityMonitorExtension/Info.plist;
				INFOPLIST_KEY_CFBundleDisplayName = "Childlock Monitor";
				INFOPLIST_KEY_NSHumanReadableCopyright = "";
				IPHONEOS_DEPLOYMENT_TARGET = 17.0;
				LD_RUNPATH_SEARCH_PATHS = (
					"$(inherited)",
					"@executable_path/Frameworks",
					"@executable_path/../../Frameworks",
				);
				MARKETING_VERSION = 1.0;
				PRODUCT_BUNDLE_IDENTIFIER = "com.kopikoubou.childlock.device-activity-monitor";
				PRODUCT_NAME = "$(TARGET_NAME)";
				PROVISIONING_PROFILE_SPECIFIER = "";
				SDKROOT = iphoneos;
				SKIP_INSTALL = YES;
				SWIFT_EMIT_LOC_STRINGS = YES;
				SWIFT_VERSION = 5.0;
				TARGETED_DEVICE_FAMILY = "1,2";
			};
			name = Debug;
		};
		CONFIG_DEBUG_SHIELD_ACTION /* Debug */ = {
			isa = XCBuildConfiguration;
			buildSettings = {
				ALWAYS_SEARCH_USER_PATHS = NO;
				APPLICATION_EXTENSION_API_ONLY = YES;
				CODE_SIGN_ENTITLEMENTS = Extensions/ShieldActionExtension/ShieldActionExtension.entitlements;
				CODE_SIGN_STYLE = Automatic;
				CURRENT_PROJECT_VERSION = 8;
				DEVELOPMENT_TEAM = M42QAK8JZ9;
				GENERATE_INFOPLIST_FILE = NO;
				INFOPLIST_FILE = Extensions/ShieldActionExtension/Info.plist;
				INFOPLIST_KEY_CFBundleDisplayName = "Childlock Shield";
				INFOPLIST_KEY_NSHumanReadableCopyright = "";
				IPHONEOS_DEPLOYMENT_TARGET = 17.0;
				LD_RUNPATH_SEARCH_PATHS = (
					"$(inherited)",
					"@executable_path/Frameworks",
					"@executable_path/../../Frameworks",
				);
				MARKETING_VERSION = 1.0;
				PRODUCT_BUNDLE_IDENTIFIER = "com.kopikoubou.childlock.shield-action";
				PRODUCT_NAME = "$(TARGET_NAME)";
				SDKROOT = iphoneos;
				SKIP_INSTALL = YES;
				SWIFT_EMIT_LOC_STRINGS = YES;
				SWIFT_VERSION = 5.0;
				TARGETED_DEVICE_FAMILY = "1,2";
			};
			name = Debug;
		};
		CONFIG_DEBUG_SHIELD_CONFIG /* Debug */ = {
			isa = XCBuildConfiguration;
			buildSettings = {
				ALWAYS_SEARCH_USER_PATHS = NO;
				APPLICATION_EXTENSION_API_ONLY = YES;
				CODE_SIGN_ENTITLEMENTS = Extensions/ShieldConfigurationExtension/ShieldConfigurationExtension.entitlements;
				CODE_SIGN_IDENTITY = "Apple Development";
				CODE_SIGN_STYLE = Automatic;
				CURRENT_PROJECT_VERSION = 8;
				DEVELOPMENT_TEAM = M42QAK8JZ9;
				GENERATE_INFOPLIST_FILE = NO;
				INFOPLIST_FILE = Extensions/ShieldConfigurationExtension/Info.plist;
				INFOPLIST_KEY_CFBundleDisplayName = "Childlock Config";
				INFOPLIST_KEY_NSHumanReadableCopyright = "";
				IPHONEOS_DEPLOYMENT_TARGET = 17.0;
				LD_RUNPATH_SEARCH_PATHS = (
					"$(inherited)",
					"@executable_path/Frameworks",
					"@executable_path/../../Frameworks",
				);
				MARKETING_VERSION = 1.0;
				PRODUCT_BUNDLE_IDENTIFIER = "com.kopikoubou.childlock.shield-configuration";
				PRODUCT_NAME = "$(TARGET_NAME)";
				PROVISIONING_PROFILE_SPECIFIER = "";
				SDKROOT = iphoneos;
				SKIP_INSTALL = YES;
				SWIFT_EMIT_LOC_STRINGS = YES;
				SWIFT_VERSION = 5.0;
				TARGETED_DEVICE_FAMILY = "1,2";
			};
			name = Debug;
		};
		CONFIG_PROJECT_DEBUG /* Debug */ = {
			isa = XCBuildConfiguration;
			buildSettings = {
				ALWAYS_SEARCH_USER_PATHS = NO;
				CLANG_ANALYZER_NONNULL = YES;
				CLANG_ANALYZER_NUMBER_OBJECT_CONVERSION = YES_AGGRESSIVE;
				CLANG_CXX_LANGUAGE_STANDARD = "gnu++20";
				CLANG_ENABLE_MODULES = YES;
				CLANG_ENABLE_OBJC_ARC = YES;
				CLANG_ENABLE_OBJC_WEAK = YES;
				CLANG_WARN_BLOCK_CAPTURE_AUTORELEASING = YES;
				CLANG_WARN_BOOL_CONVERSION = YES;
				CLANG_WARN_COMMA = YES;
				CLANG_WARN_CONSTANT_CONVERSION = YES;
				CLANG_WARN_DEPRECATED_OBJC_IMPLEMENTATIONS = YES;
				CLANG_WARN_DIRECT_OBJC_ISA_USAGE = YES_ERROR;
				CLANG_WARN_DOCUMENTATION_COMMENTS = YES;
				CLANG_WARN_EMPTY_BODY = YES;
				CLANG_WARN_ENUM_CONVERSION = YES;
				CLANG_WARN_INFINITE_RECURSION = YES;
				CLANG_WARN_INT_CONVERSION = YES;
				CLANG_WARN_NON_LITERAL_NULL_CONVERSION = YES;
				CLANG_WARN_OBJC_IMPLICIT_RETAIN_SELF = YES;
				CLANG_WARN_OBJC_LITERAL_CONVERSION = YES;
				CLANG_WARN_OBJC_ROOT_CLASS = YES_ERROR;
				CLANG_WARN_QUOTED_INCLUDE_IN_FRAMEWORK_HEADER = YES;
				CLANG_WARN_RANGE_LOOP_ANALYSIS = YES;
				CLANG_WARN_STRICT_PROTOTYPES = YES;
				CLANG_WARN_SUSPICIOUS_MOVE = YES;
				CLANG_WARN_UNGUARDED_AVAILABILITY = YES_AGGRESSIVE;
				CLANG_WARN_UNREACHABLE_CODE = YES;
				CLANG_WARN__DUPLICATE_METHOD_MATCH = YES;
				DEBUG_INFORMATION_FORMAT = dwarf;
				ENABLE_STRICT_OBJC_MSGSEND = YES;
				ENABLE_TESTABILITY = YES;
				GCC_C_LANGUAGE_STANDARD = gnu17;
				GCC_DYNAMIC_NO_PIC = NO;
				GCC_NO_COMMON_BLOCKS = YES;
				GCC_OPTIMIZATION_LEVEL = 0;
				GCC_PREPROCESSOR_DEFINITIONS = (
					"DEBUG=1",
					"$(inherited)",
				);
				GCC_WARN_64_TO_32_BIT_CONVERSION = YES;
				GCC_WARN_ABOUT_RETURN_TYPE = YES_ERROR;
				GCC_WARN_UNDECLARED_SELECTOR = YES;
				GCC_WARN_UNINITIALIZED_AUTOS = YES_AGGRESSIVE;
				GCC_WARN_UNUSED_FUNCTION = YES;
				GCC_WARN_UNUSED_VARIABLE = YES;
				IPHONEOS_DEPLOYMENT_TARGET = 17.0;
				LOCALIZATION_PREFERS_STRING_CATALOGS = YES;
				MTL_ENABLE_DEBUG_INFO = INCLUDE_SOURCE;
				MTL_FAST_MATH = YES;
				ONLY_ACTIVE_ARCH = YES;
				SWIFT_ACTIVE_COMPILATION_CONDITIONS = "DEBUG $(inherited)";
				SWIFT_OPTIMIZATION_LEVEL = "-Onone";
			};
			name = Debug;
		};
		CONFIG_PROJECT_RELEASE /* Release */ = {
			isa = XCBuildConfiguration;
			buildSettings = {
				ALWAYS_SEARCH_USER_PATHS = NO;
				CLANG_ANALYZER_NONNULL = YES;
				CLANG_ANALYZER_NUMBER_OBJECT_CONVERSION = YES_AGGRESSIVE;
				CLANG_CXX_LANGUAGE_STANDARD = "gnu++20";
				CLANG_ENABLE_MODULES = YES;
				CLANG_ENABLE_OBJC_ARC = YES;
				CLANG_ENABLE_OBJC_WEAK = YES;
				CLANG_WARN_BLOCK_CAPTURE_AUTORELEASING = YES;
				CLANG_WARN_BOOL_CONVERSION = YES;
				CLANG_WARN_COMMA = YES;
				CLANG_WARN_CONSTANT_CONVERSION = YES;
				CLANG_WARN_DEPRECATED_OBJC_IMPLEMENTATIONS = YES;
				CLANG_WARN_DIRECT_OBJC_ISA_USAGE = YES_ERROR;
				CLANG_WARN_DOCUMENTATION_COMMENTS = YES;
				CLANG_WARN_EMPTY_BODY = YES;
				CLANG_WARN_ENUM_CONVERSION = YES;
				CLANG_WARN_INFINITE_RECURSION = YES;
				CLANG_WARN_INT_CONVERSION = YES;
				CLANG_WARN_NON_LITERAL_NULL_CONVERSION = YES;
				CLANG_WARN_OBJC_IMPLICIT_RETAIN_SELF = YES;
				CLANG_WARN_OBJC_LITERAL_CONVERSION = YES;
				CLANG_WARN_OBJC_ROOT_CLASS = YES_ERROR;
				CLANG_WARN_QUOTED_INCLUDE_IN_FRAMEWORK_HEADER = YES;
				CLANG_WARN_RANGE_LOOP_ANALYSIS = YES;
				CLANG_WARN_STRICT_PROTOTYPES = YES;
				CLANG_WARN_SUSPICIOUS_MOVE = YES;
				CLANG_WARN_UNGUARDED_AVAILABILITY = YES_AGGRESSIVE;
				CLANG_WARN_UNREACHABLE_CODE = YES;
				CLANG_WARN__DUPLICATE_METHOD_MATCH = YES;
				DEBUG_INFORMATION_FORMAT = "dwarf-with-dsym";
				ENABLE_NS_ASSERTIONS = NO;
				ENABLE_STRICT_OBJC_MSGSEND = YES;
				GCC_C_LANGUAGE_STANDARD = gnu17;
				GCC_NO_COMMON_BLOCKS = YES;
				GCC_WARN_64_TO_32_BIT_CONVERSION = YES;
				GCC_WARN_ABOUT_RETURN_TYPE = YES_ERROR;
				GCC_WARN_UNDECLARED_SELECTOR = YES;
				GCC_WARN_UNINITIALIZED_AUTOS = YES_AGGRESSIVE;
				GCC_WARN_UNUSED_FUNCTION = YES;
				GCC_WARN_UNUSED_VARIABLE = YES;
				IPHONEOS_DEPLOYMENT_TARGET = 17.0;
				LOCALIZATION_PREFERS_STRING_CATALOGS = YES;
				MTL_ENABLE_DEBUG_INFO = NO;
				MTL_FAST_MATH = YES;
				SWIFT_COMPILATION_MODE = wholemodule;
				SWIFT_OPTIMIZATION_LEVEL = "-O";
			};
			name = Release;
		};
		CONFIG_RELEASE_APP /* Release */ = {
			isa = XCBuildConfiguration;
			baseConfigurationReference = APP_SECRETS_XCCONFIG /* AppSecrets.xcconfig */;
			buildSettings = {
				ALWAYS_SEARCH_USER_PATHS = NO;
				ASSETCATALOG_COMPILER_APPICON_NAME = AppIcon;
				ASSETCATALOG_COMPILER_GENERATE_SWIFT_ASSET_SYMBOL_EXTENSIONS = YES;
				CODE_SIGN_ENTITLEMENTS = childlock.entitlements;
				CODE_SIGN_IDENTITY = "Apple Development";
				CODE_SIGN_STYLE = Automatic;
				COMBINE_HIDPI_IMAGES = YES;
				CURRENT_PROJECT_VERSION = 8;
				DEVELOPMENT_TEAM = M42QAK8JZ9;
				ENABLE_PREVIEWS = YES;
				GENERATE_INFOPLIST_FILE = NO;
				INFOPLIST_FILE = Sources/Childlock/Info.plist;
				IPHONEOS_DEPLOYMENT_TARGET = 17.0;
				LD_RUNPATH_SEARCH_PATHS = (
					"$(inherited)",
					"@executable_path/Frameworks",
				);
				MARKETING_VERSION = 1.0;
				PRODUCT_BUNDLE_IDENTIFIER = com.kopikoubou.childlock;
				PRODUCT_NAME = "$(TARGET_NAME)";
				PROVISIONING_PROFILE_SPECIFIER = "";
				SDKROOT = iphoneos;
				SWIFT_EMIT_LOC_STRINGS = YES;
				SWIFT_VERSION = 5.0;
				TARGETED_DEVICE_FAMILY = "1,2";
			};
			name = Release;
		};
		CONFIG_RELEASE_MONITOR /* Release */ = {
			isa = XCBuildConfiguration;
			buildSettings = {
				ALWAYS_SEARCH_USER_PATHS = NO;
				APPLICATION_EXTENSION_API_ONLY = YES;
				CODE_SIGN_ENTITLEMENTS = DeviceActivityMonitorExtension.entitlements;
				CODE_SIGN_IDENTITY = "Apple Development";
				CODE_SIGN_STYLE = Automatic;
				CURRENT_PROJECT_VERSION = 8;
				DEVELOPMENT_TEAM = M42QAK8JZ9;
				GENERATE_INFOPLIST_FILE = NO;
				INFOPLIST_FILE = Extensions/DeviceActivityMonitorExtension/Info.plist;
				INFOPLIST_KEY_CFBundleDisplayName = "Childlock Monitor";
				INFOPLIST_KEY_NSHumanReadableCopyright = "";
				IPHONEOS_DEPLOYMENT_TARGET = 17.0;
				LD_RUNPATH_SEARCH_PATHS = (
					"$(inherited)",
					"@executable_path/Frameworks",
					"@executable_path/../../Frameworks",
				);
				MARKETING_VERSION = 1.0;
				PRODUCT_BUNDLE_IDENTIFIER = "com.kopikoubou.childlock.device-activity-monitor";
				PRODUCT_NAME = "$(TARGET_NAME)";
				PROVISIONING_PROFILE_SPECIFIER = "";
				SDKROOT = iphoneos;
				SKIP_INSTALL = YES;
				SWIFT_EMIT_LOC_STRINGS = YES;
				SWIFT_VERSION = 5.0;
				TARGETED_DEVICE_FAMILY = "1,2";
			};
			name = Release;
		};
		CONFIG_RELEASE_SHIELD_ACTION /* Release */ = {
			isa = XCBuildConfiguration;
			buildSettings = {
				ALWAYS_SEARCH_USER_PATHS = NO;
				APPLICATION_EXTENSION_API_ONLY = YES;
				CODE_SIGN_ENTITLEMENTS = Extensions/ShieldActionExtension/ShieldActionExtension.entitlements;
				CODE_SIGN_STYLE = Automatic;
				CURRENT_PROJECT_VERSION = 8;
				DEVELOPMENT_TEAM = M42QAK8JZ9;
				GENERATE_INFOPLIST_FILE = NO;
				INFOPLIST_FILE = Extensions/ShieldActionExtension/Info.plist;
				INFOPLIST_KEY_CFBundleDisplayName = "Childlock Shield";
				INFOPLIST_KEY_NSHumanReadableCopyright = "";
				IPHONEOS_DEPLOYMENT_TARGET = 17.0;
				LD_RUNPATH_SEARCH_PATHS = (
					"$(inherited)",
					"@executable_path/Frameworks",
					"@executable_path/../../Frameworks",
				);
				MARKETING_VERSION = 1.0;
				PRODUCT_BUNDLE_IDENTIFIER = "com.kopikoubou.childlock.shield-action";
				PRODUCT_NAME = "$(TARGET_NAME)";
				SDKROOT = iphoneos;
				SKIP_INSTALL = YES;
				SWIFT_EMIT_LOC_STRINGS = YES;
				SWIFT_VERSION = 5.0;
				TARGETED_DEVICE_FAMILY = "1,2";
			};
			name = Release;
		};
		CONFIG_RELEASE_SHIELD_CONFIG /* Release */ = {
			isa = XCBuildConfiguration;
			buildSettings = {
				ALWAYS_SEARCH_USER_PATHS = NO;
				APPLICATION_EXTENSION_API_ONLY = YES;
				CODE_SIGN_ENTITLEMENTS = Extensions/ShieldConfigurationExtension/ShieldConfigurationExtension.entitlements;
				CODE_SIGN_IDENTITY = "Apple Development";
				CODE_SIGN_STYLE = Automatic;
				CURRENT_PROJECT_VERSION = 8;
				DEVELOPMENT_TEAM = M42QAK8JZ9;
				GENERATE_INFOPLIST_FILE = NO;
				INFOPLIST_FILE = Extensions/ShieldConfigurationExtension/Info.plist;
				INFOPLIST_KEY_CFBundleDisplayName = "Childlock Config";
				INFOPLIST_KEY_NSHumanReadableCopyright = "";
				IPHONEOS_DEPLOYMENT_TARGET = 17.0;
				LD_RUNPATH_SEARCH_PATHS = (
					"$(inherited)",
					"@executable_path/Frameworks",
					"@executable_path/../../Frameworks",
				);
				MARKETING_VERSION = 1.0;
				PRODUCT_BUNDLE_IDENTIFIER = "com.kopikoubou.childlock.shield-configuration";
				PRODUCT_NAME = "$(TARGET_NAME)";
				PROVISIONING_PROFILE_SPECIFIER = "";
				SDKROOT = iphoneos;
				SKIP_INSTALL = YES;
				SWIFT_EMIT_LOC_STRINGS = YES;
				SWIFT_VERSION = 5.0;
				TARGETED_DEVICE_FAMILY = "1,2";
			};
			name = Release;
		};
/* End XCBuildConfiguration section */

/* Begin XCConfigurationList section */
		CONFIG_LIST_APP /* Build configuration list for PBXNativeTarget "Childlock" */ = {
			isa = XCConfigurationList;
			buildConfigurations = (
				CONFIG_DEBUG_APP /* Debug */,
				CONFIG_RELEASE_APP /* Release */,
			);
			defaultConfigurationIsVisible = 0;
			defaultConfigurationName = Release;
		};
		CONFIG_LIST_MONITOR /* Build configuration list for PBXNativeTarget "ChildlockMonitor" */ = {
			isa = XCConfigurationList;
			buildConfigurations = (
				CONFIG_DEBUG_MONITOR /* Debug */,
				CONFIG_RELEASE_MONITOR /* Release */,
			);
			defaultConfigurationIsVisible = 0;
			defaultConfigurationName = Release;
		};
		CONFIG_LIST_PROJECT /* Build configuration list for PBXProject "Childlock" */ = {
			isa = XCConfigurationList;
			buildConfigurations = (
				CONFIG_PROJECT_DEBUG /* Debug */,
				CONFIG_PROJECT_RELEASE /* Release */,
			);
			defaultConfigurationIsVisible = 0;
			defaultConfigurationName = Release;
		};
		CONFIG_LIST_SHIELD_ACTION /* Build configuration list for PBXNativeTarget "ChildlockShieldAction" */ = {
			isa = XCConfigurationList;
			buildConfigurations = (
				CONFIG_DEBUG_SHIELD_ACTION /* Debug */,
				CONFIG_RELEASE_SHIELD_ACTION /* Release */,
			);
			defaultConfigurationIsVisible = 0;
			defaultConfigurationName = Release;
		};
		CONFIG_LIST_SHIELD_CONFIG /* Build configuration list for PBXNativeTarget "ChildlockShieldConfiguration" */ = {
			isa = XCConfigurationList;
			buildConfigurations = (
				CONFIG_DEBUG_SHIELD_CONFIG /* Debug */,
				CONFIG_RELEASE_SHIELD_CONFIG /* Release */,
			);
			defaultConfigurationIsVisible = 0;
			defaultConfigurationName = Release;
		};
/* End XCConfigurationList section */

/* Begin XCRemoteSwiftPackageReference section */
		GOOGLE_SIGNIN_PACKAGE_REF /* XCRemoteSwiftPackageReference "GoogleSignIn-iOS" */ = {
			isa = XCRemoteSwiftPackageReference;
			repositoryURL = "https://github.com/google/GoogleSignIn-iOS";
			requirement = {
				kind = upToNextMajorVersion;
				minimumVersion = 9.0.0;
			};
		};
		POSTHOG_PACKAGE_REF /* XCRemoteSwiftPackageReference "posthog-ios" */ = {
			isa = XCRemoteSwiftPackageReference;
			repositoryURL = "https://github.com/PostHog/posthog-ios";
			requirement = {
				kind = upToNextMajorVersion;
				minimumVersion = 3.0.0;
			};
		};
		REVENUECAT_PACKAGE_REF /* XCRemoteSwiftPackageReference "purchases-ios" */ = {
			isa = XCRemoteSwiftPackageReference;
			repositoryURL = "https://github.com/RevenueCat/purchases-ios";
			requirement = {
				kind = upToNextMajorVersion;
				minimumVersion = 5.0.0;
			};
		};
		SUPABASE_PACKAGE_REF /* XCRemoteSwiftPackageReference "supabase-swift" */ = {
			isa = XCRemoteSwiftPackageReference;
			repositoryURL = "https://github.com/supabase/supabase-swift";
			requirement = {
				kind = upToNextMajorVersion;
				minimumVersion = 2.0.0;
			};
		};
/* End XCRemoteSwiftPackageReference section */

/* Begin XCSwiftPackageProductDependency section */
		GOOGLE_SIGNIN_PRODUCT /* GoogleSignIn */ = {
			isa = XCSwiftPackageProductDependency;
			package = GOOGLE_SIGNIN_PACKAGE_REF /* XCRemoteSwiftPackageReference "GoogleSignIn-iOS" */;
			productName = GoogleSignIn;
		};
		POSTHOG_PRODUCT /* PostHog */ = {
			isa = XCSwiftPackageProductDependency;
			package = POSTHOG_PACKAGE_REF /* XCRemoteSwiftPackageReference "posthog-ios" */;
			productName = PostHog;
		};
		REVENUECAT_PRODUCT /* RevenueCat */ = {
			isa = XCSwiftPackageProductDependency;
			package = REVENUECAT_PACKAGE_REF /* XCRemoteSwiftPackageReference "purchases-ios" */;
			productName = RevenueCat;
		};
		SUPABASE_PRODUCT /* Supabase */ = {
			isa = XCSwiftPackageProductDependency;
			package = SUPABASE_PACKAGE_REF /* XCRemoteSwiftPackageReference "supabase-swift" */;
			productName = Supabase;
		};
/* End XCSwiftPackageProductDependency section */
	};
	rootObject = PROJECT /* Project object */;
}
